
Microsoft Visual Studio Solution File, Format Version 12.00
# Visual Studio Version 17
VisualStudioVersion = 17.0.31903.59
MinimumVisualStudioVersion = 10.0.40219.1
Project("{FAE04EC0-301F-11D3-BF4B-00C04F79EFBC}") = "MinimalAPI", "MinimalAPI\MinimalAPI.csproj", "{166908B2-A0ED-404E-A59F-6EE473E37CB3}"
EndProject
Project("{FAE04EC0-301F-11D3-BF4B-00C04F79EFBC}") = "BlazorFrontEnd", "BlazorFrontEnd\BlazorFrontEnd.csproj", "{B8AA191D-9809-436A-A6C8-E9CD8643C841}"
EndProject
Project("{FAE04EC0-301F-11D3-BF4B-00C04F79EFBC}") = "Shared", "Shared\Shared.csproj", "{18352AD3-D2E3-4CC1-BC3D-1EE4F4580CD1}"
EndProject
Global
	GlobalSection(SolutionConfigurationPlatforms) = preSolution
		Debug|Any CPU = Debug|Any CPU
		Debug|x64 = Debug|x64
		Debug|x86 = Debug|x86
		Release|Any CPU = Release|Any CPU
		Release|x64 = Release|x64
		Release|x86 = Release|x86
	EndGlobalSection
	GlobalSection(ProjectConfigurationPlatforms) = postSolution
		{166908B2-A0ED-404E-A59F-6EE473E37CB3}.Debug|Any CPU.ActiveCfg = Debug|Any CPU
		{166908B2-A0ED-404E-A59F-6EE473E37CB3}.Debug|Any CPU.Build.0 = Debug|Any CPU
		{166908B2-A0ED-404E-A59F-6EE473E37CB3}.Debug|x64.ActiveCfg = Debug|Any CPU
		{166908B2-A0ED-404E-A59F-6EE473E37CB3}.Debug|x64.Build.0 = Debug|Any CPU
		{166908B2-A0ED-404E-A59F-6EE473E37CB3}.Debug|x86.ActiveCfg = Debug|Any CPU
		{166908B2-A0ED-404E-A59F-6EE473E37CB3}.Debug|x86.Build.0 = Debug|Any CPU
		{166908B2-A0ED-404E-A59F-6EE473E37CB3}.Release|Any CPU.ActiveCfg = Release|Any CPU
		{166908B2-A0ED-404E-A59F-6EE473E37CB3}.Release|Any CPU.Build.0 = Release|Any CPU
		{166908B2-A0ED-404E-A59F-6EE473E37CB3}.Release|x64.ActiveCfg = Release|Any CPU
		{166908B2-A0ED-404E-A59F-6EE473E37CB3}.Release|x64.Build.0 = Release|Any CPU
		{166908B2-A0ED-404E-A59F-6EE473E37CB3}.Release|x86.ActiveCfg = Release|Any CPU
		{166908B2-A0ED-404E-A59F-6EE473E37CB3}.Release|x86.Build.0 = Release|Any CPU
		{B8AA191D-9809-436A-A6C8-E9CD8643C841}.Debug|Any CPU.ActiveCfg = Debug|Any CPU
		{B8AA191D-9809-436A-A6C8-E9CD8643C841}.Debug|Any CPU.Build.0 = Debug|Any CPU
		{B8AA191D-9809-436A-A6C8-E9CD8643C841}.Debug|x64.ActiveCfg = Debug|Any CPU
		{B8AA191D-9809-436A-A6C8-E9CD8643C841}.Debug|x64.Build.0 = Debug|Any CPU
		{B8AA191D-9809-436A-A6C8-E9CD8643C841}.Debug|x86.ActiveCfg = Debug|Any CPU
		{B8AA191D-9809-436A-A6C8-E9CD8643C841}.Debug|x86.Build.0 = Debug|Any CPU
		{B8AA191D-9809-436A-A6C8-E9CD8643C841}.Release|Any CPU.ActiveCfg = Release|Any CPU
		{B8AA191D-9809-436A-A6C8-E9CD8643C841}.Release|Any CPU.Build.0 = Release|Any CPU
		{B8AA191D-9809-436A-A6C8-E9CD8643C841}.Release|x64.ActiveCfg = Release|Any CPU
		{B8AA191D-9809-436A-A6C8-E9CD8643C841}.Release|x64.Build.0 = Release|Any CPU
		{B8AA191D-9809-436A-A6C8-E9CD8643C841}.Release|x86.ActiveCfg = Release|Any CPU
		{B8AA191D-9809-436A-A6C8-E9CD8643C841}.Release|x86.Build.0 = Release|Any CPU
		{18352AD3-D2E3-4CC1-BC3D-1EE4F4580CD1}.Debug|Any CPU.ActiveCfg = Debug|Any CPU
		{18352AD3-D2E3-4CC1-BC3D-1EE4F4580CD1}.Debug|Any CPU.Build.0 = Debug|Any CPU
		{18352AD3-D2E3-4CC1-BC3D-1EE4F4580CD1}.Debug|x64.ActiveCfg = Debug|Any CPU
		{18352AD3-D2E3-4CC1-BC3D-1EE4F4580CD1}.Debug|x64.Build.0 = Debug|Any CPU
		{18352AD3-D2E3-4CC1-BC3D-1EE4F4580CD1}.Debug|x86.ActiveCfg = Debug|Any CPU
		{18352AD3-D2E3-4CC1-BC3D-1EE4F4580CD1}.Debug|x86.Build.0 = Debug|Any CPU
		{18352AD3-D2E3-4CC1-BC3D-1EE4F4580CD1}.Release|Any CPU.ActiveCfg = Release|Any CPU
		{18352AD3-D2E3-4CC1-BC3D-1EE4F4580CD1}.Release|Any CPU.Build.0 = Release|Any CPU
		{18352AD3-D2E3-4CC1-BC3D-1EE4F4580CD1}.Release|x64.ActiveCfg = Release|Any CPU
		{18352AD3-D2E3-4CC1-BC3D-1EE4F4580CD1}.Release|x64.Build.0 = Release|Any CPU
		{18352AD3-D2E3-4CC1-BC3D-1EE4F4580CD1}.Release|x86.ActiveCfg = Release|Any CPU
		{18352AD3-D2E3-4CC1-BC3D-1EE4F4580CD1}.Release|x86.Build.0 = Release|Any CPU
	EndGlobalSection
	GlobalSection(SolutionProperties) = preSolution
		HideSolutionNode = FALSE
	EndGlobalSection
EndGlobal
